{
  "originHash" : "c29d9174b77697321c17e4aca8c42ce4151529616b4fe2d02c85c81dfcac5164",
  "pins" : [
    {
      "identity" : "algoliasearch-client-swift",
      "kind" : "remoteSourceControl",
      "location" : "https://github.com/algolia/algoliasearch-client-swift.git",
      "state" : {
        "revision" : "0d2ad6dd4e5f87614bb03c18c49df88347040cbe",
        "version" : "9.15.0"
      }
    },
    {
      "identity" : "nuke",
      "kind" : "remoteSourceControl",
      "location" : "https://github.com/kean/Nuke.git",
      "state" : {
        "revision" : "0ead44350d2737db384908569c012fe67c421e4d",
        "version" : "12.8.0"
      }
    }
  ],
  "version" : 3
}
